// !$*UTF8*$!
{
	archiveVersion = 1;
	classes = {
	};
	objectVersion = 46;
	objects = {

/* Begin PBXBuildFile section */
		17310D671C73213E003941FE /* main.m in Sources */ = {isa = PBXBuildFile; fileRef = 17310D661C73213E003941FE /* main.m */; };
		17310D6A1C73213E003941FE /* AppDelegate.m in Sources */ = {isa = PBXBuildFile; fileRef = 17310D691C73213E003941FE /* AppDelegate.m */; };
		17310D6D1C73213E003941FE /* ViewController.m in Sources */ = {isa = PBXBuildFile; fileRef = 17310D6C1C73213E003941FE /* ViewController.m */; };
		17310D701C73213E003941FE /* Main.storyboard in Resources */ = {isa = PBXBuildFile; fileRef = 17310D6E1C73213E003941FE /* Main.storyboard */; };
		17310D721C73213E003941FE /* Assets.xcassets in Resources */ = {isa = PBXBuildFile; fileRef = 17310D711C73213E003941FE /* Assets.xcassets */; };
		17310D751C73213E003941FE /* LaunchScreen.storyboard in Resources */ = {isa = PBXBuildFile; fileRef = 17310D731C73213E003941FE /* LaunchScreen.storyboard */; };
		17310D801C73213E003941FE /* HelloWorldTests.m in Sources */ = {isa = PBXBuildFile; fileRef = 17310D7F1C73213E003941FE /* HelloWorldTests.m */; };
		17310D8B1C73213E003941FE /* HelloWorldUITests.m in Sources */ = {isa = PBXBuildFile; fileRef = 17310D8A1C73213E003941FE /* HelloWorldUITests.m */; };
/* End PBXBuildFile section */

/* Begin PBXContainerItemProxy section */
		17310D7C1C73213E003941FE /* PBXContainerItemProxy */ = {
			isa = PBXContainerItemProxy;
			containerPortal = 17310D5A1C73213E003941FE /* Project object */;
			proxyType = 1;
			remoteGlobalIDString = 17310D611C73213E003941FE;
			remoteInfo = HelloWorld;
		};
		17310D871C73213E003941FE /* PBXContainerItemProxy */ = {
			isa = PBXContainerItemProxy;
			containerPortal = 17310D5A1C73213E003941FE /* Project object */;
			proxyType = 1;
			remoteGlobalIDString = 17310D611C73213E003941FE;
			remoteInfo = HelloWorld;
		};
/* End PBXContainerItemProxy section */

/* Begin PBXFileReference section */
		17310D621C73213E003941FE /* HelloWorld.app */ = {isa = PBXFileReference; explicitFileType = wrapper.application; includeInIndex = 0; path = HelloWorld.app; sourceTree = BUILT_PRODUCTS_DIR; };
		17310D661C73213E003941FE /* main.m */ = {isa = PBXFileReference; lastKnownFileType = sourcecode.c.objc; path = main.m; sourceTree = "<group>"; };
		17310D681C73213E003941FE /* AppDelegate.h */ = {isa = PBXFileReference; lastKnownFileType = sourcecode.c.h; path = AppDelegate.h; sourceTree = "<group>"; };
		17310D691C73213E003941FE /* AppDelegate.m */ = {isa = PBXFileReference; lastKnownFileType = sourcecode.c.objc; path = AppDelegate.m; sourceTree = "<group>"; };
		17310D6B1C73213E003941FE /* ViewController.h */ = {isa = PBXFileReference; lastKnownFileType = sourcecode.c.h; path = ViewController.h; sourceTree = "<group>"; };
		17310D6C1C73213E003941FE /* ViewController.m */ = {isa = PBXFileReference; lastKnownFileType = sourcecode.c.objc; path = ViewController.m; sourceTree = "<group>"; };
		17310D6F1C73213E003941FE /* Base */ = {isa = PBXFileReference; lastKnownFileType = file.storyboard; name = Base; path = Base.lproj/Main.storyboard; sourceTree = "<group>"; };
		17310D711C73213E003941FE /* Assets.xcassets */ = {isa = PBXFileReference; lastKnownFileType = folder.assetcatalog; path = Assets.xcassets; sourceTree = "<group>"; };
		17310D741C73213E003941FE /* Base */ = {isa = PBXFileReference; lastKnownFileType = file.storyboard; name = Base; path = Base.lproj/LaunchScreen.storyboard; sourceTree = "<group>"; };
		17310D761C73213E003941FE /* Info.plist */ = {isa = PBXFileReference; lastKnownFileType = text.plist.xml; path = Info.plist; sourceTree = "<group>"; };
		17310D7B1C73213E003941FE /* HelloWorldTests.xctest */ = {isa = PBXFileReference; explicitFileType = wrapper.cfbundle; includeInIndex = 0; path = HelloWorldTests.xctest; sourceTree = BUILT_PRODUCTS_DIR; };
		17310D7F1C73213E003941FE /* HelloWorldTests.m */ = {isa = PBXFileReference; lastKnownFileType = sourcecode.c.objc; path = HelloWorldTests.m; sourceTree = "<group>"; };
		17310D811C73213E003941FE /* Info.plist */ = {isa = PBXFileReference; lastKnownFileType = text.plist.xml; path = Info.plist; sourceTree = "<group>"; };
		17310D861C73213E003941FE /* HelloWorldUITests.xctest */ = {isa = PBXFileReference; explicitFileType = wrapper.cfbundle; includeInIndex = 0; path = HelloWorldUITests.xctest; sourceTree = BUILT_PRODUCTS_DIR; };
		17310D8A1C73213E003941FE /* HelloWorldUITests.m */ = {isa = PBXFileReference; lastKnownFileType = sourcecode.c.objc; path = HelloWorldUITests.m; sourceTree = "<group>"; };
		17310D8C1C73213E003941FE /* Info.plist */ = {isa = PBXFileReference; lastKnownFileType = text.plist.xml; path = Info.plist; sourceTree = "<group>"; };
/* End PBXFileReference section */

/* Begin PBXFrameworksBuildPhase section */
		17310D5F1C73213E003941FE /* Frameworks */ = {
			isa = PBXFrameworksBuildPhase;
			buildActionMask = 2147483647;
			files = (
			);
			runOnlyForDeploymentPostprocessing = 0;
		};
		17310D781C73213E003941FE /* Frameworks */ = {
			isa = PBXFrameworksBuildPhase;
			buildActionMask = 2147483647;
			files = (
			);
			runOnlyForDeploymentPostprocessing = 0;
		};
		17310D831C73213E003941FE /* Frameworks */ = {
			isa = PBXFrameworksBuildPhase;
			buildActionMask = 2147483647;
			files = (
			);
			runOnlyForDeploymentPostprocessing = 0;
		};
/* End PBXFrameworksBuildPhase section */

/* Begin PBXGroup section */
		17310D591C73213E003941FE = {
			isa = PBXGroup;
			children = (
				17310D641C73213E003941FE /* HelloWorld */,
				17310D7E1C73213E003941FE /* HelloWorldTests */,
				17310D891C73213E003941FE /* HelloWorldUITests */,
				17310D631C73213E003941FE /* Products */,
			);
			sourceTree = "<group>";
		};
		17310D631C73213E003941FE /* Products */ = {
			isa = PBXGroup;
			children = (
				17310D621C73213E003941FE /* HelloWorld.app */,
				17310D7B1C73213E003941FE /* HelloWorldTests.xctest */,
				17310D861C73213E003941FE /* HelloWorldUITests.xctest */,
			);
			name = Products;
			sourceTree = "<group>";
		};
		17310D641C73213E003941FE /* HelloWorld */ = {
			isa = PBXGroup;
			children = (
				17310D681C73213E003941FE /* AppDelegate.h */,
				17310D691C73213E003941FE /* AppDelegate.m */,
				17310D6B1C73213E003941FE /* ViewController.h */,
				17310D6C1C73213E003941FE /* ViewController.m */,
				17310D6E1C73213E003941FE /* Main.storyboard */,
				17310D711C73213E003941FE /* Assets.xcassets */,
				17310D731C73213E003941FE /* LaunchScreen.storyboard */,
				17310D761C73213E003941FE /* Info.plist */,
				17310D651C73213E003941FE /* Supporting Files */,
			);
			path = HelloWorld;
			sourceTree = "<group>";
		};
		17310D651C73213E003941FE /* Supporting Files */ = {
			isa = PBXGroup;
			children = (
				17310D661C73213E003941FE /* main.m */,
			);
			name = "Supporting Files";
			sourceTree = "<group>";
		};
		17310D7E1C73213E003941FE /* HelloWorldTests */ = {
			isa = PBXGroup;
			children = (
				17310D7F1C73213E003941FE /* HelloWorldTests.m */,
				17310D811C73213E003941FE /* Info.plist */,
			);
			path = HelloWorldTests;
			sourceTree = "<group>";
		};
		17310D891C73213E003941FE /* HelloWorldUITests */ = {
			isa = PBXGroup;
			children = (
				17310D8A1C73213E003941FE /* HelloWorldUITests.m */,
				17310D8C1C73213E003941FE /* Info.plist */,
			);
			path = HelloWorldUITests;
			sourceTree = "<group>";
		};
/* End PBXGroup section */

/* Begin PBXNativeTarget section */
		17310D611C73213E003941FE /* HelloWorld */ = {
			isa = PBXNativeTarget;
			buildConfigurationList = 17310D8F1C73213E003941FE /* Build configuration list for PBXNativeTarget "HelloWorld" */;
			buildPhases = (
				17310D5E1C73213E003941FE /* Sources */,
				17310D5F1C73213E003941FE /* Frameworks */,
				17310D601C73213E003941FE /* Resources */,
			);
			buildRules = (
			);
			dependencies = (
			);
			name = HelloWorld;
			productName = HelloWorld;
			productReference = 17310D621C73213E003941FE /* HelloWorld.app */;
			productType = "com.apple.product-type.application";
		};
		17310D7A1C73213E003941FE /* HelloWorldTests */ = {
			isa = PBXNativeTarget;
			buildConfigurationList = 17310D921C73213E003941FE /* Build configuration list for PBXNativeTarget "HelloWorldTests" */;
			buildPhases = (
				17310D771C73213E003941FE /* Sources */,
				17310D781C73213E003941FE /* Frameworks */,
				17310D791C73213E003941FE /* Resources */,
			);
			buildRules = (
			);
			dependencies = (
				17310D7D1C73213E003941FE /* PBXTargetDependency */,
			);
			name = HelloWorldTests;
			productName = HelloWorldTests;
			productReference = 17310D7B1C73213E003941FE /* HelloWorldTests.xctest */;
			productType = "com.apple.product-type.bundle.unit-test";
		};
		17310D851C73213E003941FE /* HelloWorldUITests */ = {
			isa = PBXNativeTarget;
			buildConfigurationList = 17310D951C73213E003941FE /* Build configuration list for PBXNativeTarget "HelloWorldUITests" */;
			buildPhases = (
				17310D821C73213E003941FE /* Sources */,
				17310D831C73213E003941FE /* Frameworks */,
				17310D841C73213E003941FE /* Resources */,
			);
			buildRules = (
			);
			dependencies = (
				17310D881C73213E003941FE /* PBXTargetDependency */,
			);
			name = HelloWorldUITests;
			productName = HelloWorldUITests;
			productReference = 17310D861C73213E003941FE /* HelloWorldUITests.xctest */;
			productType = "com.apple.product-type.bundle.ui-testing";
		};
/* End PBXNativeTarget section */

/* Begin PBXProject section */
		17310D5A1C73213E003941FE /* Project object */ = {
			isa = PBXProject;
			attributes = {
				LastUpgradeCheck = 0720;
				ORGANIZATIONNAME = HelloWorld;
				TargetAttributes = {
					17310D611C73213E003941FE = {
						CreatedOnToolsVersion = 7.2;
					};
					17310D7A1C73213E003941FE = {
						CreatedOnToolsVersion = 7.2;
						TestTargetID = 17310D611C73213E003941FE;
					};
					17310D851C73213E003941FE = {
						CreatedOnToolsVersion = 7.2;
						TestTargetID = 17310D611C73213E003941FE;
					};
				};
			};
			buildConfigurationList = 17310D5D1C73213E003941FE /* Build configuration list for PBXProject "HelloWorld" */;
			compatibilityVersion = "Xcode 3.2";
			developmentRegion = English;
			hasScannedForEncodings = 0;
			knownRegions = (
				en,
				Base,
			);
			mainGroup = 17310D591C73213E003941FE;
			productRefGroup = 17310D631C73213E003941FE /* Products */;
			projectDirPath = "";
			projectRoot = "";
			targets = (
				17310D611C73213E003941FE /* HelloWorld */,
				17310D7A1C73213E003941FE /* HelloWorldTests */,
				17310D851C73213E003941FE /* HelloWorldUITests */,
			);
		};
/* End PBXProject section */

/* Begin PBXResourcesBuildPhase section */
		17310D601C73213E003941FE /* Resources */ = {
			isa = PBXResourcesBuildPhase;
			buildActionMask = 2147483647;
			files = (
				17310D751C73213E003941FE /* LaunchScreen.storyboard in Resources */,
				17310D721C73213E003941FE /* Assets.xcassets in Resources */,
				17310D701C73213E003941FE /* Main.storyboard in Resources */,
			);
			runOnlyForDeploymentPostprocessing = 0;
		};
		17310D791C73213E003941FE /* Resources */ = {
			isa = PBXResourcesBuildPhase;
			buildActionMask = 2147483647;
			files = (
			);
			runOnlyForDeploymentPostprocessing = 0;
		};
		17310D841C73213E003941FE /* Resources */ = {
			isa = PBXResourcesBuildPhase;
			buildActionMask = 2147483647;
			files = (
			);
			runOnlyForDeploymentPostprocessing = 0;
		};
/* End PBXResourcesBuildPhase section */

/* Begin PBXSourcesBuildPhase section */
		17310D5E1C73213E003941FE /* Sources */ = {
			isa = PBXSourcesBuildPhase;
			buildActionMask = 2147483647;
			files = (
				17310D6D1C73213E003941FE /* ViewController.m in Sources */,
				17310D6A1C73213E003941FE /* AppDelegate.m in Sources */,
				17310D671C73213E003941FE /* main.m in Sources */,
			);
			runOnlyForDeploymentPostprocessing = 0;
		};
		17310D771C73213E003941FE /* Sources */ = {
			isa = PBXSourcesBuildPhase;
			buildActionMask = 2147483647;
			files = (
				17310D801C73213E003941FE /* HelloWorldTests.m in Sources */,
			);
			runOnlyForDeploymentPostprocessing = 0;
		};
		17310D821C73213E003941FE /* Sources */ = {
			isa = PBXSourcesBuildPhase;
			buildActionMask = 2147483647;
			files = (
				17310D8B1C73213E003941FE /* HelloWorldUITests.m in Sources */,
			);
			runOnlyForDeploymentPostprocessing = 0;
		};
/* End PBXSourcesBuildPhase section */

/* Begin PBXTargetDependency section */
		17310D7D1C73213E003941FE /* PBXTargetDependency */ = {
			isa = PBXTargetDependency;
			target = 17310D611C73213E003941FE /* HelloWorld */;
			targetProxy = 17310D7C1C73213E003941FE /* PBXContainerItemProxy */;
		};
		17310D881C73213E003941FE /* PBXTargetDependency */ = {
			isa = PBXTargetDependency;
			target = 17310D611C73213E003941FE /* HelloWorld */;
			targetProxy = 17310D871C73213E003941FE /* PBXContainerItemProxy */;
		};
/* End PBXTargetDependency section */

/* Begin PBXVariantGroup section */
		17310D6E1C73213E003941FE /* Main.storyboard */ = {
			isa = PBXVariantGroup;
			children = (
				17310D6F1C73213E003941FE /* Base */,
			);
			name = Main.storyboard;
			sourceTree = "<group>";
		};
		17310D731C73213E003941FE /* LaunchScreen.storyboard */ = {
			isa = PBXVariantGroup;
			children = (
				17310D741C73213E003941FE /* Base */,
			);
			name = LaunchScreen.storyboard;
			sourceTree = "<group>";
		};
/* End PBXVariantGroup section */

/* Begin XCBuildConfiguration section */
		17310D8D1C73213E003941FE /* Debug */ = {
			isa = XCBuildConfiguration;
			buildSettings = {
				ALWAYS_SEARCH_USER_PATHS = NO;
				CLANG_CXX_LANGUAGE_STANDARD = "gnu++0x";
				CLANG_CXX_LIBRARY = "libc++";
				CLANG_ENABLE_MODULES = YES;
				CLANG_ENABLE_OBJC_ARC = YES;
				CLANG_WARN_BOOL_CONVERSION = YES;
				CLANG_WARN_CONSTANT_CONVERSION = YES;
				CLANG_WARN_DIRECT_OBJC_ISA_USAGE = YES_ERROR;
				CLANG_WARN_EMPTY_BODY = YES;
				CLANG_WARN_ENUM_CONVERSION = YES;
				CLANG_WARN_INT_CONVERSION = YES;
				CLANG_WARN_OBJC_ROOT_CLASS = YES_ERROR;
				CLANG_WARN_UNREACHABLE_CODE = YES;
				CLANG_WARN__DUPLICATE_METHOD_MATCH = YES;
				"CODE_SIGN_IDENTITY[sdk=iphoneos*]" = "iPhone Developer";
				COPY_PHASE_STRIP = NO;
				DEBUG_INFORMATION_FORMAT = dwarf;
				ENABLE_STRICT_OBJC_MSGSEND = YES;
				ENABLE_TESTABILITY = YES;
				GCC_C_LANGUAGE_STANDARD = gnu99;
				GCC_DYNAMIC_NO_PIC = NO;
				GCC_NO_COMMON_BLOCKS = YES;
				GCC_OPTIMIZATION_LEVEL = 0;
				GCC_PREPROCESSOR_DEFINITIONS = (
					"DEBUG=1",
					"$(inherited)",
				);
				GCC_WARN_64_TO_32_BIT_CONVERSION = YES;
				GCC_WARN_ABOUT_RETURN_TYPE = YES_ERROR;
				GCC_WARN_UNDECLARED_SELECTOR = YES;
				GCC_WARN_UNINITIALIZED_AUTOS = YES_AGGRESSIVE;
				GCC_WARN_UNUSED_FUNCTION = YES;
				GCC_WARN_UNUSED_VARIABLE = YES;
				IPHONEOS_DEPLOYMENT_TARGET = 9.2;
				MTL_ENABLE_DEBUG_INFO = YES;
				ONLY_ACTIVE_ARCH = YES;
				SDKROOT = iphoneos;
			};
			name = Debug;
		};
		17310D8E1C73213E003941FE /* Release */ = {
			isa = XCBuildConfiguration;
			buildSettings = {
				ALWAYS_SEARCH_USER_PATHS = NO;
				CLANG_CXX_LANGUAGE_STANDARD = "gnu++0x";
				CLANG_CXX_LIBRARY = "libc++";
				CLANG_ENABLE_MODULES = YES;
				CLANG_ENABLE_OBJC_ARC = YES;
				CLANG_WARN_BOOL_CONVERSION = YES;
				CLANG_WARN_CONSTANT_CONVERSION = YES;
				CLANG_WARN_DIRECT_OBJC_ISA_USAGE = YES_ERROR;
				CLANG_WARN_EMPTY_BODY = YES;
				CLANG_WARN_ENUM_CONVERSION = YES;
				CLANG_WARN_INT_CONVERSION = YES;
				CLANG_WARN_OBJC_ROOT_CLASS = YES_ERROR;
				CLANG_WARN_UNREACHABLE_CODE = YES;
				CLANG_WARN__DUPLICATE_METHOD_MATCH = YES;
				"CODE_SIGN_IDENTITY[sdk=iphoneos*]" = "iPhone Developer";
				COPY_PHASE_STRIP = NO;
				DEBUG_INFORMATION_FORMAT = "dwarf-with-dsym";
				ENABLE_NS_ASSERTIONS = NO;
				ENABLE_STRICT_OBJC_MSGSEND = YES;
				GCC_C_LANGUAGE_STANDARD = gnu99;
				GCC_NO_COMMON_BLOCKS = YES;
				GCC_WARN_64_TO_32_BIT_CONVERSION = YES;
				GCC_WARN_ABOUT_RETURN_TYPE = YES_ERROR;
				GCC_WARN_UNDECLARED_SELECTOR = YES;
				GCC_WARN_UNINITIALIZED_AUTOS = YES_AGGRESSIVE;
				GCC_WARN_UNUSED_FUNCTION = YES;
				GCC_WARN_UNUSED_VARIABLE = YES;
				IPHONEOS_DEPLOYMENT_TARGET = 9.2;
				MTL_ENABLE_DEBUG_INFO = NO;
				SDKROOT = iphoneos;
				VALIDATE_PRODUCT = YES;
			};
			name = Release;
		};
		17310D901C73213E003941FE /* Debug */ = {
			isa = XCBuildConfiguration;
			buildSettings = {
				ASSETCATALOG_COMPILER_APPICON_NAME = AppIcon;
				INFOPLIST_FILE = HelloWorld/Info.plist;
				LD_RUNPATH_SEARCH_PATHS = "$(inherited) @executable_path/Frameworks";
				PRODUCT_BUNDLE_IDENTIFIER = HelloWorld.HelloWorld;
				PRODUCT_NAME = "$(TARGET_NAME)";
			};
			name = Debug;
		};
		17310D911C73213E003941FE /* Release */ = {
			isa = XCBuildConfiguration;
			buildSettings = {
				ASSETCATALOG_COMPILER_APPICON_NAME = AppIcon;
				INFOPLIST_FILE = HelloWorld/Info.plist;
				LD_RUNPATH_SEARCH_PATHS = "$(inherited) @executable_path/Frameworks";
				PRODUCT_BUNDLE_IDENTIFIER = HelloWorld.HelloWorld;
				PRODUCT_NAME = "$(TARGET_NAME)";
			};
			name = Release;
		};
		17310D931C73213E003941FE /* Debug */ = {
			isa = XCBuildConfiguration;
			buildSettings = {
				BUNDLE_LOADER = "$(TEST_HOST)";
				INFOPLIST_FILE = HelloWorldTests/Info.plist;
				LD_RUNPATH_SEARCH_PATHS = "$(inherited) @executable_path/Frameworks @loader_path/Frameworks";
				PRODUCT_BUNDLE_IDENTIFIER = HelloWorld.HelloWorldTests;
				PRODUCT_NAME = "$(TARGET_NAME)";
				TEST_HOST = "$(BUILT_PRODUCTS_DIR)/HelloWorld.app/HelloWorld";
			};
			name = Debug;
		};
		17310D941C73213E003941FE /* Release */ = {
			isa = XCBuildConfiguration;
			buildSettings = {
				BUNDLE_LOADER = "$(TEST_HOST)";
				INFOPLIST_FILE = HelloWorldTests/Info.plist;
				LD_RUNPATH_SEARCH_PATHS = "$(inherited) @executable_path/Frameworks @loader_path/Frameworks";
				PRODUCT_BUNDLE_IDENTIFIER = HelloWorld.HelloWorldTests;
				PRODUCT_NAME = "$(TARGET_NAME)";
				TEST_HOST = "$(BUILT_PRODUCTS_DIR)/HelloWorld.app/HelloWorld";
			};
			name = Release;
		};
		17310D961C73213E003941FE /* Debug */ = {
			isa = XCBuildConfiguration;
			buildSettings = {
				INFOPLIST_FILE = HelloWorldUITests/Info.plist;
				LD_RUNPATH_SEARCH_PATHS = "$(inherited) @executable_path/Frameworks @loader_path/Frameworks";
				PRODUCT_BUNDLE_IDENTIFIER = HelloWorld.HelloWorldUITests;
				PRODUCT_NAME = "$(TARGET_NAME)";
				TEST_TARGET_NAME = HelloWorld;
				USES_XCTRUNNER = YES;
			};
			name = Debug;
		};
		17310D971C73213E003941FE /* Release */ = {
			isa = XCBuildConfiguration;
			buildSettings = {
				INFOPLIST_FILE = HelloWorldUITests/Info.plist;
				LD_RUNPATH_SEARCH_PATHS = "$(inherited) @executable_path/Frameworks @loader_path/Frameworks";
				PRODUCT_BUNDLE_IDENTIFIER = HelloWorld.HelloWorldUITests;
				PRODUCT_NAME = "$(TARGET_NAME)";
				TEST_TARGET_NAME = HelloWorld;
				USES_XCTRUNNER = YES;
			};
			name = Release;
		};
/* End XCBuildConfiguration section */

/* Begin XCConfigurationList section */
		17310D5D1C73213E003941FE /* Build configuration list for PBXProject "HelloWorld" */ = {
			isa = XCConfigurationList;
			buildConfigurations = (
				17310D8D1C73213E003941FE /* Debug */,
				17310D8E1C73213E003941FE /* Release */,
			);
			defaultConfigurationIsVisible = 0;
			defaultConfigurationName = Release;
		};
		17310D8F1C73213E003941FE /* Build configuration list for PBXNativeTarget "HelloWorld" */ = {
			isa = XCConfigurationList;
			buildConfigurations = (
				17310D901C73213E003941FE /* Debug */,
				17310D911C73213E003941FE /* Release */,
			);
			defaultConfigurationIsVisible = 0;
		};
		17310D921C73213E003941FE /* Build configuration list for PBXNativeTarget "HelloWorldTests" */ = {
			isa = XCConfigurationList;
			buildConfigurations = (
				17310D931C73213E003941FE /* Debug */,
				17310D941C73213E003941FE /* Release */,
			);
			defaultConfigurationIsVisible = 0;
		};
		17310D951C73213E003941FE /* Build configuration list for PBXNativeTarget "HelloWorldUITests" */ = {
			isa = XCConfigurationList;
			buildConfigurations = (
				17310D961C73213E003941FE /* Debug */,
				17310D971C73213E003941FE /* Release */,
			);
			defaultConfigurationIsVisible = 0;
		};
/* End XCConfigurationList section */
	};
	rootObject = 17310D5A1C73213E003941FE /* Project object */;
}
